
Microsoft Visual Studio Solution File, Format Version 12.00
# Visual Studio Version 16
VisualStudioVersion = 16.0.30717.126
MinimumVisualStudioVersion = 10.0.40219.1
Project("{FAE04EC0-301F-11D3-BF4B-00C04F79EFBC}") = "WindowsFormsApplication2", "WindowsFormsApplication2.csproj", "{139354EF-EA4B-4DCA-9873-D15B72220AA5}"
EndProject
Project("{2150E333-8FDC-42A3-9474-1A3956D46DE8}") = "Solution Items", "Solution Items", "{E14109FA-96B0-44F9-9A6E-2355B971BDF6}"
	ProjectSection(SolutionItems) = preProject
		sheet_8442_59522_zoom.png = sheet_8442_59522_zoom.png
	EndProjectSection
EndProject
Global
	GlobalSection(SolutionConfigurationPlatforms) = preSolution
		Debug|Any CPU = Debug|Any CPU
		Release|Any CPU = Release|Any CPU
	EndGlobalSection
	GlobalSection(ProjectConfigurationPlatforms) = postSolution
		{139354EF-EA4B-4DCA-9873-D15B72220AA5}.Debug|Any CPU.ActiveCfg = Debug|Any CPU
		{139354EF-EA4B-4DCA-9873-D15B72220AA5}.Debug|Any CPU.Build.0 = Debug|Any CPU
		{139354EF-EA4B-4DCA-9873-D15B72220AA5}.Release|Any CPU.ActiveCfg = Release|Any CPU
		{139354EF-EA4B-4DCA-9873-D15B72220AA5}.Release|Any CPU.Build.0 = Release|Any CPU
	EndGlobalSection
	GlobalSection(SolutionProperties) = preSolution
		HideSolutionNode = FALSE
	EndGlobalSection
	GlobalSection(ExtensibilityGlobals) = postSolution
		SolutionGuid = {74E3D880-6C24-4985-930C-2E86009E6370}
	EndGlobalSection
EndGlobal
